
Microsoft Visual Studio Solution File, Format Version 12.00
# Visual Studio Version 16
VisualStudioVersion = 16.0.30523.141
MinimumVisualStudioVersion = 10.0.40219.1
Project("{8BC9CEB8-8B4A-11D0-8D11-00A0C91BC942}") = "laba12.2.1", "laba12.2.1\laba12.2.1.vcxproj", "{EBC56899-E35F-40AF-90C6-B1CB1A99132F}"
EndProject
Project("{8BC9CEB8-8B4A-11D0-8D11-00A0C91BC942}") = "UnitTest1", "UnitTest1\UnitTest1.vcxproj", "{859C79CC-ED75-4F58-AB6B-093DFF095990}"
EndProject
Global
	GlobalSection(SolutionConfigurationPlatforms) = preSolution
		Debug|x64 = Debug|x64
		Debug|x86 = Debug|x86
		Release|x64 = Release|x64
		Release|x86 = Release|x86
	EndGlobalSection
	GlobalSection(ProjectConfigurationPlatforms) = postSolution
		{EBC56899-E35F-40AF-90C6-B1CB1A99132F}.Debug|x64.ActiveCfg = Debug|x64
		{EBC56899-E35F-40AF-90C6-B1CB1A99132F}.Debug|x64.Build.0 = Debug|x64
		{EBC56899-E35F-40AF-90C6-B1CB1A99132F}.Debug|x86.ActiveCfg = Debug|Win32
		{EBC56899-E35F-40AF-90C6-B1CB1A99132F}.Debug|x86.Build.0 = Debug|Win32
		{EBC56899-E35F-40AF-90C6-B1CB1A99132F}.Release|x64.ActiveCfg = Release|x64
		{EBC56899-E35F-40AF-90C6-B1CB1A99132F}.Release|x64.Build.0 = Release|x64
		{EBC56899-E35F-40AF-90C6-B1CB1A99132F}.Release|x86.ActiveCfg = Release|Win32
		{EBC56899-E35F-40AF-90C6-B1CB1A99132F}.Release|x86.Build.0 = Release|Win32
		{859C79CC-ED75-4F58-AB6B-093DFF095990}.Debug|x64.ActiveCfg = Debug|x64
		{859C79CC-ED75-4F58-AB6B-093DFF095990}.Debug|x64.Build.0 = Debug|x64
		{859C79CC-ED75-4F58-AB6B-093DFF095990}.Debug|x86.ActiveCfg = Debug|Win32
		{859C79CC-ED75-4F58-AB6B-093DFF095990}.Debug|x86.Build.0 = Debug|Win32
		{859C79CC-ED75-4F58-AB6B-093DFF095990}.Release|x64.ActiveCfg = Release|x64
		{859C79CC-ED75-4F58-AB6B-093DFF095990}.Release|x64.Build.0 = Release|x64
		{859C79CC-ED75-4F58-AB6B-093DFF095990}.Release|x86.ActiveCfg = Release|Win32
		{859C79CC-ED75-4F58-AB6B-093DFF095990}.Release|x86.Build.0 = Release|Win32
	EndGlobalSection
	GlobalSection(SolutionProperties) = preSolution
		HideSolutionNode = FALSE
	EndGlobalSection
	GlobalSection(ExtensibilityGlobals) = postSolution
		SolutionGuid = {8971CD4D-E3D0-449E-82C9-8656A316A097}
	EndGlobalSection
EndGlobal
